
Microsoft Visual Studio Solution File, Format Version 12.00
# Visual Studio Version 17
VisualStudioVersion = 17.10.35013.160
MinimumVisualStudioVersion = 10.0.40219.1
Project("{FAE04EC0-301F-11D3-BF4B-00C04F79EFBC}") = "Ecommerce.ServicoPedidos", "Ecommerce.ServicoPedidos\Ecommerce.ServicoPedidos.csproj", "{19DFD4A4-542A-4C94-B0C8-9D0531488BD2}"
EndProject
Project("{FAE04EC0-301F-11D3-BF4B-00C04F79EFBC}") = "Ecommerce.ServicoNotaFiscal", "Ecommerce.ServicoNotaFiscal\Ecommerce.ServicoNotaFiscal.csproj", "{F5A15F28-651C-45BF-80FB-CCDE94DD7A2F}"
EndProject
Project("{FAE04EC0-301F-11D3-BF4B-00C04F79EFBC}") = "Ecommerce.Domain", "Ecommerce.Domain\Ecommerce.Domain.csproj", "{A4B75363-D57E-4936-8266-A4BB392E7A57}"
EndProject
Global
	GlobalSection(SolutionConfigurationPlatforms) = preSolution
		Debug|Any CPU = Debug|Any CPU
		Release|Any CPU = Release|Any CPU
	EndGlobalSection
	GlobalSection(ProjectConfigurationPlatforms) = postSolution
		{19DFD4A4-542A-4C94-B0C8-9D0531488BD2}.Debug|Any CPU.ActiveCfg = Debug|Any CPU
		{19DFD4A4-542A-4C94-B0C8-9D0531488BD2}.Debug|Any CPU.Build.0 = Debug|Any CPU
		{19DFD4A4-542A-4C94-B0C8-9D0531488BD2}.Release|Any CPU.ActiveCfg = Release|Any CPU
		{19DFD4A4-542A-4C94-B0C8-9D0531488BD2}.Release|Any CPU.Build.0 = Release|Any CPU
		{F5A15F28-651C-45BF-80FB-CCDE94DD7A2F}.Debug|Any CPU.ActiveCfg = Debug|Any CPU
		{F5A15F28-651C-45BF-80FB-CCDE94DD7A2F}.Debug|Any CPU.Build.0 = Debug|Any CPU
		{F5A15F28-651C-45BF-80FB-CCDE94DD7A2F}.Release|Any CPU.ActiveCfg = Release|Any CPU
		{F5A15F28-651C-45BF-80FB-CCDE94DD7A2F}.Release|Any CPU.Build.0 = Release|Any CPU
		{A4B75363-D57E-4936-8266-A4BB392E7A57}.Debug|Any CPU.ActiveCfg = Debug|Any CPU
		{A4B75363-D57E-4936-8266-A4BB392E7A57}.Debug|Any CPU.Build.0 = Debug|Any CPU
		{A4B75363-D57E-4936-8266-A4BB392E7A57}.Release|Any CPU.ActiveCfg = Release|Any CPU
		{A4B75363-D57E-4936-8266-A4BB392E7A57}.Release|Any CPU.Build.0 = Release|Any CPU
	EndGlobalSection
	GlobalSection(SolutionProperties) = preSolution
		HideSolutionNode = FALSE
	EndGlobalSection
	GlobalSection(ExtensibilityGlobals) = postSolution
		SolutionGuid = {E55E4D79-A7E7-4E72-84C2-6FD1713EF129}
	EndGlobalSection
EndGlobal
